version = 1
revision = 3
requires-python = ">=3.14"

[[package]]
name = "annotated-doc"
version = "0.0.4"
source = { registry = "https://pypi.org/simple" }
sdist = { url = "https://files.pythonhosted.org/packages/57/ba/046ceea27344560984e26a590f90bc7f4a75b06701f653222458922b558c/annotated_doc-0.0.4.tar.gz", hash = "sha256:fbcda96e87e9c92ad167c2e53839e57503ecfda18804ea28102353485033faa4", size = 7288, upload-time = "2025-11-10T22:07:42.062Z" }
wheels = [
    { url = "https://files.pythonhosted.org/packages/1e/d3/26bf1008eb3d2daa8ef4cacc7f3bfdc11818d111f7e2d0201bc6e3b49d45/annotated_doc-0.0.4-py3-none-any.whl", hash = "sha256:571ac1dc6991c450b25a9c2d84a3705e2ae7a53467b5d111c24fa8baabbed320", size = 5303, upload-time = "2025-11-10T22:07:40.673Z" },
]

[[package]]
name = "colorama"
version = "0.4.6"
source = { registry = "https://pypi.org/simple" }
sdist = { url = "https://files.pythonhosted.org/packages/d8/53/6f443c9a4a8358a93a6792e2acffb9d9d5cb0a5cfd8802644b7b1c9a02e4/colorama-0.4.6.tar.gz", hash = "sha256:08695f5cb7ed6e0531a20572697297273c47b8cae5a63ffc6d6ed5c201be6e44", size = 27697, upload-time = "2022-10-25T02:36:22.414Z" }
wheels = [
    { url = "https://files.pythonhosted.org/packages/d1/d6/3965ed04c63042e047cb6a3e6ed1a63a35087b6a609aa3a15ed8ac56c221/colorama-0.4.6-py2.py3-none-any.whl", hash = "sha256:4f1d9991f5acc0ca119f9d443620b77f9d6b33703e51011c16baf57afb285fc6", size = 25335, upload-time = "2022-10-25T02:36:20.889Z" },
]

[[package]]
name = "fonttools"
version = "4.63.0"
source = { registry = "https://pypi.org/simple" }
sdist = { url = "https://files.pythonhosted.org/packages/84/69/c97f2c18e0db87d2c7b15da1974dace76ae938f1cfa22e2727a648b7ed43/fonttools-4.63.0.tar.gz", hash = "sha256:caeb583deeb5168e694b65cda8b4ee62abedfa66cf88488734466f2366b9c4e0", size = 3597189, upload-time = "2026-05-14T12:04:30.958Z" }
wheels = [
    { url = "https://files.pythonhosted.org/packages/27/d2/23d25e3f247b328be58d04a4c9f894178a0d1eda7d42867cfb388adaf416/fonttools-4.63.0-cp314-cp314-macosx_10_15_universal2.whl", hash = "sha256:fd1e3094f42d806d3d7c79162fc59e5910fcbe3a7360c385b8da969bc4493745", size = 2875338, upload-time = "2026-05-14T12:03:50.052Z" },
    { url = "https://files.pythonhosted.org/packages/cd/58/7dfa0c761cb3b2964e2a84c4dc986c926a87de0cb9fb60d5b28ded3f2914/fonttools-4.63.0-cp314-cp314-macosx_10_15_x86_64.whl", hash = "sha256:6e528da43bc3791085f8cb6141b1d13e459226790240340fcbb4625649238b03", size = 2422661, upload-time = "2026-05-14T12:03:52.154Z" },
    { url = "https://files.pythonhosted.org/packages/dd/87/64cfa18a7a1621d17b7f4502b2b0ed8a135a90c3db51ea590ee99043e76b/fonttools-4.63.0-cp314-cp314-manylinux2014_aarch64.manylinux_2_17_aarch64.manylinux_2_28_aarch64.whl", hash = "sha256:6b2248c5decb223562f7902ff6325077a073f608ee8e33e88ad88db734eb9f49", size = 5010526, upload-time = "2026-05-14T12:03:54.647Z" },
    { url = "https://files.pythonhosted.org/packages/36/e1/a8933a72c45a87177fbde2696e0d0755c8c9062f8c077a961c6215fa27b1/fonttools-4.63.0-cp314-cp314-manylinux2014_x86_64.manylinux_2_17_x86_64.whl", hash = "sha256:308f957cdeaf8abe4e5f2f124902ef405448af92c90f80e302a3b771c2e6116b", size = 4923946, upload-time = "2026-05-14T12:03:56.984Z" },
    { url = "https://files.pythonhosted.org/packages/27/60/872e6e233b8c5e8b41413796ff18b7fe479661bd40147e071b450dfad7a1/fonttools-4.63.0-cp314-cp314-musllinux_1_2_aarch64.whl", hash = "sha256:bf00f21eb5fb721dbaf73d1e9da6d02a1af7768f2ebcf9798be98beab8ba90f6", size = 4962489, upload-time = "2026-05-14T12:03:59.443Z" },
    { url = "https://files.pythonhosted.org/packages/30/c4/83c24f2ec38b90cfda84bf4b1a1f49df80e84a1db4e7ac6e0d41bf23bc39/fonttools-4.63.0-cp314-cp314-musllinux_1_2_x86_64.whl", hash = "sha256:c1aaa4b9c75798400ac043ce04d74e7830376c85095a5a6ed7cba2f17a266bf4", size = 5071870, upload-time = "2026-05-14T12:04:02.122Z" },
    { url = "https://files.pythonhosted.org/packages/de/40/3ae22b60ff1d41ce0bd044b31238cdc72cef99f28b976f1e128ebd618c9b/fonttools-4.63.0-cp314-cp314-win32.whl", hash = "sha256:22693918177bd9ceabec4736d338045f357769416fc6b0b2508eefef75b08616", size = 2295026, upload-time = "2026-05-14T12:04:04.47Z" },
    { url = "https://files.pythonhosted.org/packages/c3/d4/98078064ccc76b45cb0f6c002452011e93c4bd26f6850344f0951cc1fe89/fonttools-4.63.0-cp314-cp314-win_amd64.whl", hash = "sha256:7d782fac32985914c351556f68ac0855391572bcd87de50e05970d3cd4c96fc5", size = 2347454, upload-time = "2026-05-14T12:04:06.752Z" },
    { url = "https://files.pythonhosted.org/packages/49/4e/652d1580c5f4e39f7d103b0c793e4773129ad633dce4addd0cf4dfebde02/fonttools-4.63.0-cp314-cp314t-macosx_10_15_universal2.whl", hash = "sha256:6db5140a60a5d731d21ec076745b40a310607731b0a565b50776393188649001", size = 2958152, upload-time = "2026-05-14T12:04:08.706Z" },
    { url = "https://files.pythonhosted.org/packages/0e/55/ad864c9a9b219f552eb46b32cd7906c466e5a578ba0c3abfcc0fe7413eb6/fonttools-4.63.0-cp314-cp314t-macosx_10_15_x86_64.whl", hash = "sha256:7d76edbff9014094dbf03bd2d074709dfa6ec7aba13d838c937a2b33d2d6a86e", size = 2460809, upload-time = "2026-05-14T12:04:10.783Z" },
    { url = "https://files.pythonhosted.org/packages/ea/2b/0aa8db70f18cf52e49b4ed5ecec68547f981160bf5ded3b5aed6faa0a6f9/fonttools-4.63.0-cp314-cp314t-manylinux2014_aarch64.manylinux_2_17_aarch64.manylinux_2_28_aarch64.whl", hash = "sha256:0eac00b9118c3c2f87d272e45341871c5b3066baa3c86897fa634a7c3fb59096", size = 5148649, upload-time = "2026-05-14T12:04:12.747Z" },
    { url = "https://files.pythonhosted.org/packages/7f/63/18e4369c25043096f1048e0c9915951adc4f842bd81c6b18155824d6fa99/fonttools-4.63.0-cp314-cp314t-manylinux2014_x86_64.manylinux_2_17_x86_64.whl", hash = "sha256:51394295f1a51de8b5f30bdb1e1b9a4231536c7064ef5c6e211eec19fa36036f", size = 4932147, upload-time = "2026-05-14T12:04:14.806Z" },
    { url = "https://files.pythonhosted.org/packages/a1/3f/67f3eac2ffd8a98446c5022f8ed3864eac878a5ff7af8df4c8286dba16cc/fonttools-4.63.0-cp314-cp314t-musllinux_1_2_aarch64.whl", hash = "sha256:9e12f105d2b6342c559c298afb674006bb2893afc7102dcf8a1b55b0486b4e40", size = 5027237, upload-time = "2026-05-14T12:04:17.675Z" },
    { url = "https://files.pythonhosted.org/packages/1a/ba/4e6214cb38a7b04779e97bb7636de9a5c7f20af7018d03dee0b64c08510a/fonttools-4.63.0-cp314-cp314t-musllinux_1_2_x86_64.whl", hash = "sha256:796f27556dbe094c4824f75ca85267e4df776c79036c8441469a4df37038c196", size = 5053933, upload-time = "2026-05-14T12:04:20.818Z" },
    { url = "https://files.pythonhosted.org/packages/34/3b/214dcc19ee31d3d38fb5ad2755c11ef0514e5dc300bbaf41c0b69f393799/fonttools-4.63.0-cp314-cp314t-win32.whl", hash = "sha256:948428a275741f0b64b113c955425a953314f4b9ab9997f73a72c83e68e569c8", size = 2359326, upload-time = "2026-05-14T12:04:24.22Z" },
    { url = "https://files.pythonhosted.org/packages/dd/1e/3ff1a9b523058c2eeb6a9d50f5574e2a738200d0d94107d5bc4105e8da3f/fonttools-4.63.0-cp314-cp314t-win_amd64.whl", hash = "sha256:6d4741eb179121cab9eea4cb2393d24492373a260d7945006358c08cfbf45419", size = 2425829, upload-time = "2026-05-14T12:04:26.829Z" },
    { url = "https://files.pythonhosted.org/packages/2c/47/c99d5268f354002ce80f8d029cd9d7d872969da1de8b93d32de4dc56d6f4/fonttools-4.63.0-py3-none-any.whl", hash = "sha256:445af2eab030a16b9171ea8bdda7ebf7d96bda2df88ee182a464252f6e05e20d", size = 1164562, upload-time = "2026-05-14T12:04:29.092Z" },
]

[[package]]
name = "markdown-it-py"
version = "4.2.0"
source = { registry = "https://pypi.org/simple" }
dependencies = [
    { name = "mdurl" },
]
sdist = { url = "https://files.pythonhosted.org/packages/06/ff/7841249c247aa650a76b9ee4bbaeae59370dc8bfd2f6c01f3630c35eb134/markdown_it_py-4.2.0.tar.gz", hash = "sha256:04a21681d6fbb623de53f6f364d352309d4094dd4194040a10fd51833e418d49", size = 82454, upload-time = "2026-05-07T12:08:28.36Z" }
wheels = [
    { url = "https://files.pythonhosted.org/packages/b3/81/4da04ced5a082363ecfa159c010d200ecbd959ae410c10c0264a38cac0f5/markdown_it_py-4.2.0-py3-none-any.whl", hash = "sha256:9f7ebbcd14fe59494226453aed97c1070d83f8d24b6fc3a3bcf9a38092641c4a", size = 91687, upload-time = "2026-05-07T12:08:27.182Z" },
]

[[package]]
name = "mdurl"
version = "0.1.2"
source = { registry = "https://pypi.org/simple" }
sdist = { url = "https://files.pythonhosted.org/packages/d6/54/cfe61301667036ec958cb99bd3efefba235e65cdeb9c84d24a8293ba1d90/mdurl-0.1.2.tar.gz", hash = "sha256:bb413d29f5eea38f31dd4754dd7377d4465116fb207585f97bf925588687c1ba", size = 8729, upload-time = "2022-08-14T12:40:10.846Z" }
wheels = [
    { url = "https://files.pythonhosted.org/packages/b3/38/89ba8ad64ae25be8de66a6d463314cf1eb366222074cfda9ee839c56a4b4/mdurl-0.1.2-py3-none-any.whl", hash = "sha256:84008a41e51615a49fc9966191ff91509e3c40b939176e643fd50a5c2196b8f8", size = 9979, upload-time = "2022-08-14T12:40:09.779Z" },
]

[[package]]
name = "pydreamplet"
version = "2.1.0"
source = { registry = "https://pypi.org/simple" }
dependencies = [
    { name = "fonttools" },
    { name = "uharfbuzz" },
]
sdist = { url = "https://files.pythonhosted.org/packages/a8/27/19feb440d0783f863cafdf9dfc3e1c223db2668c08f664631706a2fcdbe4/pydreamplet-2.1.0.tar.gz", hash = "sha256:e8475a1076005f2df396d89b9fd62b7341b7e1bbb16a93869044143a17b3faa5", size = 465926, upload-time = "2026-06-07T15:33:57.944Z" }
wheels = [
    { url = "https://files.pythonhosted.org/packages/53/44/1cc4056de90b6a75b4f4c7f14d03219ae1e4ab3705852d3ff7be4af29234/pydreamplet-2.1.0-py3-none-any.whl", hash = "sha256:b7725f2a03073ec93a98840dc6a4634914bc9736faf68b1668edf2704f2cd317", size = 125855, upload-time = "2026-06-07T15:33:55.08Z" },
]

[[package]]
name = "pydreamplet-showcase"
version = "0.1.0"
source = { editable = "." }
dependencies = [
    { name = "pydreamplet" },
    { name = "typer" },
]

[package.dev-dependencies]
dev = [
    { name = "ruff" },
]

[package.metadata]
requires-dist = [
    { name = "pydreamplet", specifier = ">=2.1.0" },
    { name = "typer", specifier = ">=0.26.7" },
]

[package.metadata.requires-dev]
dev = [{ name = "ruff", specifier = ">=0.15.16" }]

[[package]]
name = "pygments"
version = "2.20.0"
source = { registry = "https://pypi.org/simple" }
sdist = { url = "https://files.pythonhosted.org/packages/c3/b2/bc9c9196916376152d655522fdcebac55e66de6603a76a02bca1b6414f6c/pygments-2.20.0.tar.gz", hash = "sha256:6757cd03768053ff99f3039c1a36d6c0aa0b263438fcab17520b30a303a82b5f", size = 4955991, upload-time = "2026-03-29T13:29:33.898Z" }
wheels = [
    { url = "https://files.pythonhosted.org/packages/f4/7e/a72dd26f3b0f4f2bf1dd8923c85f7ceb43172af56d63c7383eb62b332364/pygments-2.20.0-py3-none-any.whl", hash = "sha256:81a9e26dd42fd28a23a2d169d86d7ac03b46e2f8b59ed4698fb4785f946d0176", size = 1231151, upload-time = "2026-03-29T13:29:30.038Z" },
]

[[package]]
name = "rich"
version = "15.0.0"
source = { registry = "https://pypi.org/simple" }
dependencies = [
    { name = "markdown-it-py" },
    { name = "pygments" },
]
sdist = { url = "https://files.pythonhosted.org/packages/c0/8f/0722ca900cc807c13a6a0c696dacf35430f72e0ec571c4275d2371fca3e9/rich-15.0.0.tar.gz", hash = "sha256:edd07a4824c6b40189fb7ac9bc4c52536e9780fbbfbddf6f1e2502c31b068c36", size = 230680, upload-time = "2026-04-12T08:24:00.75Z" }
wheels = [
    { url = "https://files.pythonhosted.org/packages/82/3b/64d4899d73f91ba49a8c18a8ff3f0ea8f1c1d75481760df8c68ef5235bf5/rich-15.0.0-py3-none-any.whl", hash = "sha256:33bd4ef74232fb73fe9279a257718407f169c09b78a87ad3d296f548e27de0bb", size = 310654, upload-time = "2026-04-12T08:24:02.83Z" },
]

[[package]]
name = "ruff"
version = "0.15.16"
source = { registry = "https://pypi.org/simple" }
sdist = { url = "https://files.pythonhosted.org/packages/a6/bd/5f7ec371001337d8fa61701c186ff8b613ecac1651848c5950f4c4d5f2e9/ruff-0.15.16.tar.gz", hash = "sha256:d05e78d38c78caf020b03789e25106c93017db5a0cb6e2819885018c61343b78", size = 4714267, upload-time = "2026-06-04T16:33:09.974Z" }
wheels = [
    { url = "https://files.pythonhosted.org/packages/0c/42/53ef1c3953f157956db9bf7861e3bc50b9b887ce93300aa48cdba8336fe6/ruff-0.15.16-py3-none-linux_armv6l.whl", hash = "sha256:6ac3c0b3969cc6cf6b158c4e2f8f682acb58e7d700d8a44b65ecdc72d66ab0b2", size = 10709025, upload-time = "2026-06-04T16:32:51.935Z" },
    { url = "https://files.pythonhosted.org/packages/93/9a/a79159346f19134a956607754e57d8d128f7a4c00f4ad2f7514d224c172c/ruff-0.15.16-py3-none-macosx_10_12_x86_64.whl", hash = "sha256:197c207ed75ffba54a0dec23db4aa939a27a3053073e085e0042433cbdc58e4a", size = 11063550, upload-time = "2026-06-04T16:32:42.24Z" },
    { url = "https://files.pythonhosted.org/packages/bc/72/3ce2ac000a5299ec238e01f51397b3b653c93b077d9b1bfe8715bb895f20/ruff-0.15.16-py3-none-macosx_11_0_arm64.whl", hash = "sha256:3a39fec45ab316cc23e7558f23fea4a70403ddb5648ea9a4a3854a16973d0071", size = 10421345, upload-time = "2026-06-04T16:32:37.251Z" },
    { url = "https://files.pythonhosted.org/packages/b0/c2/cc7fad3ec9169373f5b6a18f1917b91080feec40c3f9658334a1d28e2f03/ruff-0.15.16-py3-none-manylinux_2_17_aarch64.manylinux2014_aarch64.whl", hash = "sha256:ba93191d79003116b95128c9d306e045200fdbd0bccb782b110f3cd1d4abc5cf", size = 10757217, upload-time = "2026-06-04T16:32:54.722Z" },
    { url = "https://files.pythonhosted.org/packages/69/d2/3474009eaa0a65b31fa7152a2fad5e2f050c640ceb1e6b02ee6922e94c82/ruff-0.15.16-py3-none-manylinux_2_17_armv7l.manylinux2014_armv7l.whl", hash = "sha256:c6ee4b90520630120ef032aa5cc10db483852dff950e78b1d717e2993a61ac8d", size = 10507035, upload-time = "2026-06-04T16:33:05.343Z" },
    { url = "https://files.pythonhosted.org/packages/ca/81/b7ae6ccbd11f0c8dc3d5d67fc4be9b57ff57ca86ba56152021378e1277f2/ruff-0.15.16-py3-none-manylinux_2_17_i686.manylinux2014_i686.whl", hash = "sha256:4e4215bc938bc3c8215c1472c1aa437e310fee20cd427335fec9d7e609563628", size = 11255291, upload-time = "2026-06-04T16:32:49.49Z" },
    { url = "https://files.pythonhosted.org/packages/d9/e1/46e526f1a7cc90857ce6ddf25fbb77eb6568651ac38d71b033af07076dd5/ruff-0.15.16-py3-none-manylinux_2_17_ppc64le.manylinux2014_ppc64le.whl", hash = "sha256:7c8d26be963b090f10e29abc8b3e74a2a321f6fa34e02424e30b5af89350ecbb", size = 12124922, upload-time = "2026-06-04T16:33:07.821Z" },
    { url = "https://files.pythonhosted.org/packages/1a/da/5c791b088b596b24d0deb967fa28ae02ad751a140c0b9ea81c5ab915d6c0/ruff-0.15.16-py3-none-manylinux_2_17_s390x.manylinux2014_s390x.whl", hash = "sha256:f198cf4123602a2280ed46c307bcbafe41758d6fee5b456b6b6058ca1514b3b4", size = 11332186, upload-time = "2026-06-04T16:33:02.971Z" },
    { url = "https://files.pythonhosted.org/packages/72/11/5da87abe20047c8962361473923ebb2f62b595250126aadfad8c20649c1e/ruff-0.15.16-py3-none-manylinux_2_17_x86_64.manylinux2014_x86_64.whl", hash = "sha256:bb27515fa6240fb586ae82b901a59e67d24acff86f2190b433dc542fe0435aeb", size = 11373541, upload-time = "2026-06-04T16:32:47.007Z" },
    { url = "https://files.pythonhosted.org/packages/fe/2a/8554754c23a854ae3fd6b507e36ad61ddb121e298c6d5d617dec94ed0f14/ruff-0.15.16-py3-none-manylinux_2_31_riscv64.whl", hash = "sha256:a267c46ba1593fc26b8eecbea050b39d40c0b6bb7781ee11c90a02cd10032951", size = 11353014, upload-time = "2026-06-04T16:32:34.795Z" },
    { url = "https://files.pythonhosted.org/packages/62/25/62ea41529ec89f742ea3fed9cb1059c72877ec7cf9b9e99ac9cf3294d1d9/ruff-0.15.16-py3-none-musllinux_1_2_aarch64.whl", hash = "sha256:528c68f39a91498a8d50e91ff5985df3d105782bab49cc378e73ac26bff083e8", size = 10737467, upload-time = "2026-06-04T16:32:26.348Z" },
    { url = "https://files.pythonhosted.org/packages/90/17/334d3ad9de4d40f9dd58fdd09e35ce64553bb501e2f19a839e2fb6be14fc/ruff-0.15.16-py3-none-musllinux_1_2_armv7l.whl", hash = "sha256:7ed55c58950df60589a9a7a5d2f8fa5f54ebd287163be805adfe6ee95a9de123", size = 10521910, upload-time = "2026-06-04T16:32:32.54Z" },
    { url = "https://files.pythonhosted.org/packages/4d/bd/3ac7c6ae77a885c1004b3dda2446ea401768d24f851c14b4ad4b24f6639c/ruff-0.15.16-py3-none-musllinux_1_2_i686.whl", hash = "sha256:d482feaf51512b50f9790ceb417a56a61dd1e9d9bf967662b9ed27c01b34f53a", size = 10979190, upload-time = "2026-06-04T16:32:57.492Z" },
    { url = "https://files.pythonhosted.org/packages/33/d7/609546e6a413c3f216fbf2a50c928f97c80939154f6a0503114094a86191/ruff-0.15.16-py3-none-musllinux_1_2_x86_64.whl", hash = "sha256:1e15bc8c94513dae2a40cc9ef07c94fdd4ecc9e29dabebeebe170f952322c9e3", size = 11477014, upload-time = "2026-06-04T16:32:44.687Z" },
    { url = "https://files.pythonhosted.org/packages/74/0d/f2cd247ad32633a5c36e97141a2c21b11c6279f7957bc2ff360b1e08fddd/ruff-0.15.16-py3-none-win32.whl", hash = "sha256:580378f7bd4aa25f72e74aa54948a9622f142b1e509521dd10902e886681cc1e", size = 10735541, upload-time = "2026-06-04T16:32:30.145Z" },
    { url = "https://files.pythonhosted.org/packages/8b/9e/02e845ef151b1dee585e55c4739f8e1734ae1d9f1221dff65761c162208b/ruff-0.15.16-py3-none-win_amd64.whl", hash = "sha256:408256017284eddf98fff77b29aa4fb30f586042d535b2d9befc6512f400aaec", size = 11843403, upload-time = "2026-06-04T16:32:39.76Z" },
    { url = "https://files.pythonhosted.org/packages/15/19/016553f86f207450aebebc2b2b5088d086b901cc8186c02ac4284db3bd88/ruff-0.15.16-py3-none-win_arm64.whl", hash = "sha256:8cd61783afb39638a7133ef0d2dfb1e91277593962f81b5a8423eb0b888a6121", size = 11134555, upload-time = "2026-06-04T16:33:00.136Z" },
]

[[package]]
name = "shellingham"
version = "1.5.4"
source = { registry = "https://pypi.org/simple" }
sdist = { url = "https://files.pythonhosted.org/packages/58/15/8b3609fd3830ef7b27b655beb4b4e9c62313a4e8da8c676e142cc210d58e/shellingham-1.5.4.tar.gz", hash = "sha256:8dbca0739d487e5bd35ab3ca4b36e11c4078f3a234bfce294b0a0291363404de", size = 10310, upload-time = "2023-10-24T04:13:40.426Z" }
wheels = [
    { url = "https://files.pythonhosted.org/packages/e0/f9/0595336914c5619e5f28a1fb793285925a8cd4b432c9da0a987836c7f822/shellingham-1.5.4-py2.py3-none-any.whl", hash = "sha256:7ecfff8f2fd72616f7481040475a65b2bf8af90a56c89140852d1120324e8686", size = 9755, upload-time = "2023-10-24T04:13:38.866Z" },
]

[[package]]
name = "typer"
version = "0.26.7"
source = { registry = "https://pypi.org/simple" }
dependencies = [
    { name = "annotated-doc" },
    { name = "colorama", marker = "sys_platform == 'win32'" },
    { name = "rich" },
    { name = "shellingham" },
]
sdist = { url = "https://files.pythonhosted.org/packages/5e/ed/ef06584ccdd5c410df0837951ecd7e15d9a6144ea1bd4c73cecab1a89891/typer-0.26.7.tar.gz", hash = "sha256:e314a34c617e419c091b2830dda3ea1f257134ff593061a8f5b9717ab8dddb3a", size = 201709, upload-time = "2026-06-03T07:18:06.843Z" }
wheels = [
    { url = "https://files.pythonhosted.org/packages/24/25/2201973529af2c954de0bb725323c3aaed6d7f0ceee8f550dec9185df013/typer-0.26.7-py3-none-any.whl", hash = "sha256:5c87cfbc5d34491c5346ebf49c23e18d56ccb863268d3a8d592b26087c2f5e58", size = 122456, upload-time = "2026-06-03T07:18:05.732Z" },
]

[[package]]
name = "uharfbuzz"
version = "0.55.0"
source = { registry = "https://pypi.org/simple" }
sdist = { url = "https://files.pythonhosted.org/packages/0c/2d/25769d2262cafcea748aac7bfb2b9eeb0a9fe2a759b4154133a6d9f39870/uharfbuzz-0.55.0.tar.gz", hash = "sha256:a29bda4c147c35240a71051315423b1933b46eac558a72f55d9ffdc1f2bbb69f", size = 2012220, upload-time = "2026-06-03T21:18:37.553Z" }
wheels = [
    { url = "https://files.pythonhosted.org/packages/ba/05/8e4e62ee1d1f7a1060168bc5af14aa203b9d310a3eb7e97bae00d1b7dc1d/uharfbuzz-0.55.0-cp310-abi3-macosx_10_9_universal2.whl", hash = "sha256:40df0ff4d0c7af29c07a8adc614fb0dd421d9c4d8a139362a80a4ceb71e94a71", size = 2961874, upload-time = "2026-06-03T21:18:15.019Z" },
    { url = "https://files.pythonhosted.org/packages/d7/56/706b3f41dc72f8c578bdecda4ecf132cff3d3fa7aeab76fff64c4e6eabf2/uharfbuzz-0.55.0-cp310-abi3-manylinux2014_aarch64.manylinux_2_17_aarch64.manylinux_2_28_aarch64.whl", hash = "sha256:13304721967d55e9718200453cae30f7952f95244af4b0fcb4561e8b456f5357", size = 1787206, upload-time = "2026-06-03T21:18:17.667Z" },
    { url = "https://files.pythonhosted.org/packages/a1/45/a9ad3ccc3dc731c1df8df7f4c4ae24b266c0bff71cc2a83dd28f7cdbc6d7/uharfbuzz-0.55.0-cp310-abi3-manylinux2014_x86_64.manylinux_2_17_x86_64.manylinux_2_28_x86_64.whl", hash = "sha256:d594f9e02a21745846477f02e13e900bfe9a697bad975fb3c26e241b7a8256c1", size = 1858288, upload-time = "2026-06-03T21:18:19.393Z" },
    { url = "https://files.pythonhosted.org/packages/51/40/cc980e006c9a6ff503764fca5a6012c582a0b4b52460a7c56ea07357e80b/uharfbuzz-0.55.0-cp310-abi3-musllinux_1_2_aarch64.whl", hash = "sha256:7daeb0ba227246ed8a5a59f64fa23ecec282bc0af13167752d51ae304d20852a", size = 2803129, upload-time = "2026-06-03T21:18:21.463Z" },
    { url = "https://files.pythonhosted.org/packages/68/3e/efa383c10b79dbd28fecb3f2ef6012e5d125b6b20c3174bf046d2a127dbd/uharfbuzz-0.55.0-cp310-abi3-musllinux_1_2_x86_64.whl", hash = "sha256:22415eaa87c670fac764053edfaebce1e05babd2cecb0e933170019ed3263109", size = 2907982, upload-time = "2026-06-03T21:18:23.3Z" },
    { url = "https://files.pythonhosted.org/packages/fd/d6/630c5c2813892f40b4a43427898685fbe75d809a68307c1e72d38f631aee/uharfbuzz-0.55.0-cp310-abi3-win32.whl", hash = "sha256:4d880af9e5b6f353945b5f5cd43c6989a01eb14ba327323b6b53f9c831ced801", size = 1089495, upload-time = "2026-06-03T21:18:25.021Z" },
    { url = "https://files.pythonhosted.org/packages/bf/f8/48c018bb9458243ac7dbdecbc3923d6f688c5e96a6afe75146901463cde7/uharfbuzz-0.55.0-cp310-abi3-win_amd64.whl", hash = "sha256:72f653625e33f68dda56b258b4b9dcd2ff9c9e4f21fd53c7bbff9d9620c4fba0", size = 1347256, upload-time = "2026-06-03T21:18:26.748Z" },
]
